
Microsoft Visual Studio Solution File, Format Version 12.00
# Visual Studio 15
VisualStudioVersion = 15.0.28307.572
MinimumVisualStudioVersion = 10.0.40219.1
Project("{FAE04EC0-301F-11D3-BF4B-00C04F79EFBC}") = "WebApplication1", "WebApplication1\WebApplication1.csproj", "{B18F922D-829C-4A09-9AC4-5524AE1173DE}"
EndProject
Global
	GlobalSection(SolutionConfigurationPlatforms) = preSolution
		Debug|Any CPU = Debug|Any CPU
		Release|Any CPU = Release|Any CPU
	EndGlobalSection
	GlobalSection(ProjectConfigurationPlatforms) = postSolution
		{B18F922D-829C-4A09-9AC4-5524AE1173DE}.Debug|Any CPU.ActiveCfg = Debug|Any CPU
		{B18F922D-829C-4A09-9AC4-5524AE1173DE}.Debug|Any CPU.Build.0 = Debug|Any CPU
		{B18F922D-829C-4A09-9AC4-5524AE1173DE}.Release|Any CPU.ActiveCfg = Release|Any CPU
		{B18F922D-829C-4A09-9AC4-5524AE1173DE}.Release|Any CPU.Build.0 = Release|Any CPU
	EndGlobalSection
	GlobalSection(SolutionProperties) = preSolution
		HideSolutionNode = FALSE
	EndGlobalSection
	GlobalSection(ExtensibilityGlobals) = postSolution
		SolutionGuid = {A84EBD73-D7DF-42D7-9C8B-613F9F37DC48}
	EndGlobalSection
EndGlobal
