
Microsoft Visual Studio Solution File, Format Version 12.00
# Visual Studio 15
VisualStudioVersion = 15.0.28307.572
MinimumVisualStudioVersion = 10.0.40219.1
Project("{FAE04EC0-301F-11D3-BF4B-00C04F79EFBC}") = "EFWebApp", "EFWebApp\EFWebApp.csproj", "{EBAD2034-1735-4B56-9D5A-CC1E1B836D08}"
EndProject
Global
	GlobalSection(SolutionConfigurationPlatforms) = preSolution
		Debug|Any CPU = Debug|Any CPU
		Release|Any CPU = Release|Any CPU
	EndGlobalSection
	GlobalSection(ProjectConfigurationPlatforms) = postSolution
		{EBAD2034-1735-4B56-9D5A-CC1E1B836D08}.Debug|Any CPU.ActiveCfg = Debug|Any CPU
		{EBAD2034-1735-4B56-9D5A-CC1E1B836D08}.Debug|Any CPU.Build.0 = Debug|Any CPU
		{EBAD2034-1735-4B56-9D5A-CC1E1B836D08}.Release|Any CPU.ActiveCfg = Release|Any CPU
		{EBAD2034-1735-4B56-9D5A-CC1E1B836D08}.Release|Any CPU.Build.0 = Release|Any CPU
	EndGlobalSection
	GlobalSection(SolutionProperties) = preSolution
		HideSolutionNode = FALSE
	EndGlobalSection
	GlobalSection(ExtensibilityGlobals) = postSolution
		SolutionGuid = {E3A15C3C-53E7-4E14-8C07-DEBB52533477}
	EndGlobalSection
EndGlobal
